
Microsoft Visual Studio Solution File, Format Version 12.00
Project("{FAE04EC0-301F-11D3-BF4B-00C04F79EFBC}") = "UIL", "UIL\UIL.csproj", "{6451BF5F-4316-4F01-A590-0C171436F5FA}"
EndProject
Project("{FAE04EC0-301F-11D3-BF4B-00C04F79EFBC}") = "DAL", "DAL\DAL.csproj", "{E6DAD9C7-6908-4D02-ABA4-DBD81AA97D53}"
EndProject
Project("{FAE04EC0-301F-11D3-BF4B-00C04F79EFBC}") = "BLL", "BLL\BLL.csproj", "{08616D73-26A1-497B-88B2-2AC75DB64450}"
EndProject
Global
	GlobalSection(SolutionConfigurationPlatforms) = preSolution
		Debug|Any CPU = Debug|Any CPU
		Release|Any CPU = Release|Any CPU
	EndGlobalSection
	GlobalSection(ProjectConfigurationPlatforms) = postSolution
		{6451BF5F-4316-4F01-A590-0C171436F5FA}.Debug|Any CPU.ActiveCfg = Debug|Any CPU
		{6451BF5F-4316-4F01-A590-0C171436F5FA}.Debug|Any CPU.Build.0 = Debug|Any CPU
		{6451BF5F-4316-4F01-A590-0C171436F5FA}.Release|Any CPU.ActiveCfg = Release|Any CPU
		{6451BF5F-4316-4F01-A590-0C171436F5FA}.Release|Any CPU.Build.0 = Release|Any CPU
		{E6DAD9C7-6908-4D02-ABA4-DBD81AA97D53}.Debug|Any CPU.ActiveCfg = Debug|Any CPU
		{E6DAD9C7-6908-4D02-ABA4-DBD81AA97D53}.Debug|Any CPU.Build.0 = Debug|Any CPU
		{E6DAD9C7-6908-4D02-ABA4-DBD81AA97D53}.Release|Any CPU.ActiveCfg = Release|Any CPU
		{E6DAD9C7-6908-4D02-ABA4-DBD81AA97D53}.Release|Any CPU.Build.0 = Release|Any CPU
		{08616D73-26A1-497B-88B2-2AC75DB64450}.Debug|Any CPU.ActiveCfg = Debug|Any CPU
		{08616D73-26A1-497B-88B2-2AC75DB64450}.Debug|Any CPU.Build.0 = Debug|Any CPU
		{08616D73-26A1-497B-88B2-2AC75DB64450}.Release|Any CPU.ActiveCfg = Release|Any CPU
		{08616D73-26A1-497B-88B2-2AC75DB64450}.Release|Any CPU.Build.0 = Release|Any CPU
	EndGlobalSection
EndGlobal
